Microsoft Visual Studio Solution File, Format Version 12.00
# Visual Studio Version 17
VisualStudioVersion = 17.0.31903.59
MinimumVisualStudioVersion = 10.0.40219.1
Project("{2150E333-8FDC-42A3-9474-1A3956D46DE8}") = "src", "src", "{1B6A6F11-1111-1111-1111-000000000001}"
EndProject
Project("{2150E333-8FDC-42A3-9474-1A3956D46DE8}") = "01.Domain", "01.Domain", "{1B6A6F11-1111-1111-1111-000000000002}"
EndProject
Project("{2150E333-8FDC-42A3-9474-1A3956D46DE8}") = "02.Application", "02.Application", "{1B6A6F11-1111-1111-1111-000000000003}"
EndProject
Project("{2150E333-8FDC-42A3-9474-1A3956D46DE8}") = "03.Infrastructure", "03.Infrastructure", "{1B6A6F11-1111-1111-1111-000000000004}"
EndProject
Project("{2150E333-8FDC-42A3-9474-1A3956D46DE8}") = "04.Shared", "04.Shared", "{1B6A6F11-1111-1111-1111-000000000005}"
EndProject
Project("{2150E333-8FDC-42A3-9474-1A3956D46DE8}") = "05.Api", "05.Api", "{1B6A6F11-1111-1111-1111-000000000006}"
EndProject
Project("{2150E333-8FDC-42A3-9474-1A3956D46DE8}") = "06.Admin.Api", "06.Admin.Api", "{1B6A6F11-1111-1111-1111-000000000007}"
EndProject
Project("{FAE04EC0-301F-11D3-BF4B-00C04F79EFBC}") = "Pindou.Domain", "src\Pindou.Domain\Pindou.Domain.csproj", "{2B6A6F11-1111-1111-1111-000000000001}"
EndProject
Project("{FAE04EC0-301F-11D3-BF4B-00C04F79EFBC}") = "Pindou.Application", "src\Pindou.Application\Pindou.Application.csproj", "{2B6A6F11-1111-1111-1111-000000000002}"
EndProject
Project("{FAE04EC0-301F-11D3-BF4B-00C04F79EFBC}") = "Pindou.Infrastructure", "src\Pindou.Infrastructure\Pindou.Infrastructure.csproj", "{2B6A6F11-1111-1111-1111-000000000003}"
EndProject
Project("{FAE04EC0-301F-11D3-BF4B-00C04F79EFBC}") = "Pindou.Shared", "src\Pindou.Shared\Pindou.Shared.csproj", "{2B6A6F11-1111-1111-1111-000000000004}"
EndProject
Project("{FAE04EC0-301F-11D3-BF4B-00C04F79EFBC}") = "Pindou.Api", "src\Pindou.Api\Pindou.Api.csproj", "{2B6A6F11-1111-1111-1111-000000000005}"
EndProject
Project("{FAE04EC0-301F-11D3-BF4B-00C04F79EFBC}") = "Pindou.Admin.Api", "src\Pindou.Admin.Api\Pindou.Admin.Api.csproj", "{2B6A6F11-1111-1111-1111-000000000006}"
EndProject
Project("{2150E333-8FDC-42A3-9474-1A3956D46DE8}") = "tests", "tests", "{924F3FC4-6068-4004-B512-0161C2D8D29D}"
EndProject
Project("{FAE04EC0-301F-11D3-BF4B-00C04F79EFBC}") = "Pindou.Tests", "tests\Pindou.Tests\Pindou.Tests.csproj", "{262483DD-6676-4CA5-BCB0-404AD19F9BD1}"
EndProject
Global
	GlobalSection(SolutionConfigurationPlatforms) = preSolution
		Debug|Any CPU = Debug|Any CPU
		Release|Any CPU = Release|Any CPU
	EndGlobalSection
	GlobalSection(ProjectConfigurationPlatforms) = postSolution
		{2B6A6F11-1111-1111-1111-000000000001}.Debug|Any CPU.ActiveCfg = Debug|Any CPU
		{2B6A6F11-1111-1111-1111-000000000001}.Debug|Any CPU.Build.0 = Debug|Any CPU
		{2B6A6F11-1111-1111-1111-000000000001}.Release|Any CPU.ActiveCfg = Release|Any CPU
		{2B6A6F11-1111-1111-1111-000000000001}.Release|Any CPU.Build.0 = Release|Any CPU
		{2B6A6F11-1111-1111-1111-000000000002}.Debug|Any CPU.ActiveCfg = Debug|Any CPU
		{2B6A6F11-1111-1111-1111-000000000002}.Debug|Any CPU.Build.0 = Debug|Any CPU
		{2B6A6F11-1111-1111-1111-000000000002}.Release|Any CPU.ActiveCfg = Release|Any CPU
		{2B6A6F11-1111-1111-1111-000000000002}.Release|Any CPU.Build.0 = Release|Any CPU
		{2B6A6F11-1111-1111-1111-000000000003}.Debug|Any CPU.ActiveCfg = Debug|Any CPU
		{2B6A6F11-1111-1111-1111-000000000003}.Debug|Any CPU.Build.0 = Debug|Any CPU
		{2B6A6F11-1111-1111-1111-000000000003}.Release|Any CPU.ActiveCfg = Release|Any CPU
		{2B6A6F11-1111-1111-1111-000000000003}.Release|Any CPU.Build.0 = Release|Any CPU
		{2B6A6F11-1111-1111-1111-000000000004}.Debug|Any CPU.ActiveCfg = Debug|Any CPU
		{2B6A6F11-1111-1111-1111-000000000004}.Debug|Any CPU.Build.0 = Debug|Any CPU
		{2B6A6F11-1111-1111-1111-000000000004}.Release|Any CPU.ActiveCfg = Release|Any CPU
		{2B6A6F11-1111-1111-1111-000000000004}.Release|Any CPU.Build.0 = Release|Any CPU
		{2B6A6F11-1111-1111-1111-000000000005}.Debug|Any CPU.ActiveCfg = Debug|Any CPU
		{2B6A6F11-1111-1111-1111-000000000005}.Debug|Any CPU.Build.0 = Debug|Any CPU
		{2B6A6F11-1111-1111-1111-000000000005}.Release|Any CPU.ActiveCfg = Release|Any CPU
		{2B6A6F11-1111-1111-1111-000000000005}.Release|Any CPU.Build.0 = Release|Any CPU
		{2B6A6F11-1111-1111-1111-000000000006}.Debug|Any CPU.ActiveCfg = Debug|Any CPU
		{2B6A6F11-1111-1111-1111-000000000006}.Debug|Any CPU.Build.0 = Debug|Any CPU
		{2B6A6F11-1111-1111-1111-000000000006}.Release|Any CPU.ActiveCfg = Release|Any CPU
		{2B6A6F11-1111-1111-1111-000000000006}.Release|Any CPU.Build.0 = Release|Any CPU
		{262483DD-6676-4CA5-BCB0-404AD19F9BD1}.Debug|Any CPU.ActiveCfg = Debug|Any CPU
		{262483DD-6676-4CA5-BCB0-404AD19F9BD1}.Debug|Any CPU.Build.0 = Debug|Any CPU
		{262483DD-6676-4CA5-BCB0-404AD19F9BD1}.Release|Any CPU.ActiveCfg = Release|Any CPU
		{262483DD-6676-4CA5-BCB0-404AD19F9BD1}.Release|Any CPU.Build.0 = Release|Any CPU
	EndGlobalSection
	GlobalSection(NestedProjects) = preSolution
		{2B6A6F11-1111-1111-1111-000000000001} = {1B6A6F11-1111-1111-1111-000000000002}
		{2B6A6F11-1111-1111-1111-000000000002} = {1B6A6F11-1111-1111-1111-000000000003}
		{2B6A6F11-1111-1111-1111-000000000003} = {1B6A6F11-1111-1111-1111-000000000004}
		{2B6A6F11-1111-1111-1111-000000000004} = {1B6A6F11-1111-1111-1111-000000000005}
		{2B6A6F11-1111-1111-1111-000000000005} = {1B6A6F11-1111-1111-1111-000000000006}
		{2B6A6F11-1111-1111-1111-000000000006} = {1B6A6F11-1111-1111-1111-000000000007}
		{262483DD-6676-4CA5-BCB0-404AD19F9BD1} = {924F3FC4-6068-4004-B512-0161C2D8D29D}
	EndGlobalSection
EndGlobal
